
Microsoft Visual Studio Solution File, Format Version 12.00
# Visual Studio Version 17
VisualStudioVersion = 17.4.33205.214
MinimumVisualStudioVersion = 10.0.40219.1
Project("{FAE04EC0-301F-11D3-BF4B-00C04F79EFBC}") = "forazure", "forazure\forazure.csproj", "{9429C307-4E15-49C5-BBA0-4B5DA7B161E4}"
EndProject
Global
	GlobalSection(SolutionConfigurationPlatforms) = preSolution
		Debug|Any CPU = Debug|Any CPU
		Release|Any CPU = Release|Any CPU
	EndGlobalSection
	GlobalSection(ProjectConfigurationPlatforms) = postSolution
		{9429C307-4E15-49C5-BBA0-4B5DA7B161E4}.Debug|Any CPU.ActiveCfg = Debug|Any CPU
		{9429C307-4E15-49C5-BBA0-4B5DA7B161E4}.Debug|Any CPU.Build.0 = Debug|Any CPU
		{9429C307-4E15-49C5-BBA0-4B5DA7B161E4}.Release|Any CPU.ActiveCfg = Release|Any CPU
		{9429C307-4E15-49C5-BBA0-4B5DA7B161E4}.Release|Any CPU.Build.0 = Release|Any CPU
	EndGlobalSection
	GlobalSection(SolutionProperties) = preSolution
		HideSolutionNode = FALSE
	EndGlobalSection
	GlobalSection(ExtensibilityGlobals) = postSolution
		SolutionGuid = {8BA2EECF-B8DB-418A-B81F-0F31C9F16AF8}
	EndGlobalSection
EndGlobal
